// !$*UTF8*$!
{
	archiveVersion = 1;
	classes = {
	};
	objectVersion = 50;
	objects = {

/* Begin PBXBuildFile section */
		2443400D257237F10041DF95 /* Level_0-1.sks in Resources */ = {isa = PBXBuildFile; fileRef = 2443400C257237F10041DF95 /* Level_0-1.sks */; };
		24434013257238900041DF95 /* TileSets.sks in Resources */ = {isa = PBXBuildFile; fileRef = 24434012257238900041DF95 /* TileSets.sks */; };
		2443401925723AB10041DF95 /* SKNode+Extensions.swift in Sources */ = {isa = PBXBuildFile; fileRef = 2443401825723AB10041DF95 /* SKNode+Extensions.swift */; };
		2443401F25724CD10041DF95 /* Layer.swift in Sources */ = {isa = PBXBuildFile; fileRef = 2443401E25724CD10041DF95 /* Layer.swift */; };
		244A80A72572513C00C943BE /* readme.md in Resources */ = {isa = PBXBuildFile; fileRef = 244A80A62572513C00C943BE /* readme.md */; };
		244A80AC2572541400C943BE /* RepeatingLayer.swift in Sources */ = {isa = PBXBuildFile; fileRef = 244A80AB2572541400C943BE /* RepeatingLayer.swift */; };
		244A80B12572571B00C943BE /* GameConstants.swift in Sources */ = {isa = PBXBuildFile; fileRef = 244A80B02572571B00C943BE /* GameConstants.swift */; };
		244A80B7257258EE00C943BE /* Player.swift in Sources */ = {isa = PBXBuildFile; fileRef = 244A80B6257258EE00C943BE /* Player.swift */; };
		244A80BD25725F3100C943BE /* PhysicsHelper.swift in Sources */ = {isa = PBXBuildFile; fileRef = 244A80BC25725F3100C943BE /* PhysicsHelper.swift */; };
		244A80C52572650C00C943BE /* GroundNode.swift in Sources */ = {isa = PBXBuildFile; fileRef = 244A80C42572650C00C943BE /* GroundNode.swift */; };
		244A80CD2572C53800C943BE /* ObjectHelper.swift in Sources */ = {isa = PBXBuildFile; fileRef = 244A80CC2572C53800C943BE /* ObjectHelper.swift */; };
		246088B225723113009E18F2 /* AppDelegate.swift in Sources */ = {isa = PBXBuildFile; fileRef = 246088B125723113009E18F2 /* AppDelegate.swift */; };
		246088B825723113009E18F2 /* GameScene.swift in Sources */ = {isa = PBXBuildFile; fileRef = 246088B725723113009E18F2 /* GameScene.swift */; };
		246088BA25723113009E18F2 /* GameViewController.swift in Sources */ = {isa = PBXBuildFile; fileRef = 246088B925723113009E18F2 /* GameViewController.swift */; };
		246088BD25723113009E18F2 /* Main.storyboard in Resources */ = {isa = PBXBuildFile; fileRef = 246088BB25723113009E18F2 /* Main.storyboard */; };
		246088BF25723114009E18F2 /* Assets.xcassets in Resources */ = {isa = PBXBuildFile; fileRef = 246088BE25723114009E18F2 /* Assets.xcassets */; };
		246088CA25723114009E18F2 /* Super_Indie_RunnerTests.swift in Sources */ = {isa = PBXBuildFile; fileRef = 246088C925723114009E18F2 /* Super_Indie_RunnerTests.swift */; };
		246088D525723115009E18F2 /* Super_Indie_RunnerUITests.swift in Sources */ = {isa = PBXBuildFile; fileRef = 246088D425723115009E18F2 /* Super_Indie_RunnerUITests.swift */; };
		24AEE6A72573044E006B991F /* BrakeEmitter.sks in Resources */ = {isa = PBXBuildFile; fileRef = 24AEE6A52573044E006B991F /* BrakeEmitter.sks */; };
		24AEE6B325738FC2006B991F /* MyActions.sks in Resources */ = {isa = PBXBuildFile; fileRef = 24AEE6B225738FC2006B991F /* MyActions.sks */; };
		24C57E112572F79800A5F3F6 /* ParticleHelper.swift in Sources */ = {isa = PBXBuildFile; fileRef = 24C57E102572F79800A5F3F6 /* ParticleHelper.swift */; };
		24C57E182572FA7900A5F3F6 /* CoinDustEmitter.sks in Resources */ = {isa = PBXBuildFile; fileRef = 24C57E162572FA7900A5F3F6 /* CoinDustEmitter.sks */; };
		24CCC272257277BC001A0415 /* AnimationHelper.swift in Sources */ = {isa = PBXBuildFile; fileRef = 24CCC271257277BC001A0415 /* AnimationHelper.swift */; };
/* End PBXBuildFile section */

/* Begin PBXContainerItemProxy section */
		246088C625723114009E18F2 /* PBXContainerItemProxy */ = {
			isa = PBXContainerItemProxy;
			containerPortal = 246088A625723113009E18F2 /* Project object */;
			proxyType = 1;
			remoteGlobalIDString = 246088AD25723113009E18F2;
			remoteInfo = "Super Indie Runner";
		};
		246088D125723115009E18F2 /* PBXContainerItemProxy */ = {
			isa = PBXContainerItemProxy;
			containerPortal = 246088A625723113009E18F2 /* Project object */;
			proxyType = 1;
			remoteGlobalIDString = 246088AD25723113009E18F2;
			remoteInfo = "Super Indie Runner";
		};
/* End PBXContainerItemProxy section */

/* Begin PBXFileReference section */
		2443400C257237F10041DF95 /* Level_0-1.sks */ = {isa = PBXFileReference; lastKnownFileType = file.sks; path = "Level_0-1.sks"; sourceTree = "<group>"; };
		24434012257238900041DF95 /* TileSets.sks */ = {isa = PBXFileReference; lastKnownFileType = file.sks; path = TileSets.sks; sourceTree = "<group>"; };
		2443401825723AB10041DF95 /* SKNode+Extensions.swift */ = {isa = PBXFileReference; lastKnownFileType = sourcecode.swift; path = "SKNode+Extensions.swift"; sourceTree = "<group>"; };
		2443401E25724CD10041DF95 /* Layer.swift */ = {isa = PBXFileReference; lastKnownFileType = sourcecode.swift; path = Layer.swift; sourceTree = "<group>"; };
		244A80A62572513C00C943BE /* readme.md */ = {isa = PBXFileReference; fileEncoding = 4; lastKnownFileType = net.daringfireball.markdown; path = readme.md; sourceTree = "<group>"; };
		244A80AB2572541400C943BE /* RepeatingLayer.swift */ = {isa = PBXFileReference; lastKnownFileType = sourcecode.swift; path = RepeatingLayer.swift; sourceTree = "<group>"; };
		244A80B02572571B00C943BE /* GameConstants.swift */ = {isa = PBXFileReference; lastKnownFileType = sourcecode.swift; path = GameConstants.swift; sourceTree = "<group>"; };
		244A80B6257258EE00C943BE /* Player.swift */ = {isa = PBXFileReference; lastKnownFileType = sourcecode.swift; path = Player.swift; sourceTree = "<group>"; };
		244A80BC25725F3100C943BE /* PhysicsHelper.swift */ = {isa = PBXFileReference; lastKnownFileType = sourcecode.swift; path = PhysicsHelper.swift; sourceTree = "<group>"; };
		244A80C42572650C00C943BE /* GroundNode.swift */ = {isa = PBXFileReference; lastKnownFileType = sourcecode.swift; path = GroundNode.swift; sourceTree = "<group>"; };
		244A80CC2572C53800C943BE /* ObjectHelper.swift */ = {isa = PBXFileReference; lastKnownFileType = sourcecode.swift; path = ObjectHelper.swift; sourceTree = "<group>"; };
		246088AE25723113009E18F2 /* Super Indie Runner.app */ = {isa = PBXFileReference; explicitFileType = wrapper.application; includeInIndex = 0; path = "Super Indie Runner.app"; sourceTree = BUILT_PRODUCTS_DIR; };
		246088B125723113009E18F2 /* AppDelegate.swift */ = {isa = PBXFileReference; lastKnownFileType = sourcecode.swift; path = AppDelegate.swift; sourceTree = "<group>"; };
		246088B725723113009E18F2 /* GameScene.swift */ = {isa = PBXFileReference; lastKnownFileType = sourcecode.swift; path = GameScene.swift; sourceTree = "<group>"; };
		246088B925723113009E18F2 /* GameViewController.swift */ = {isa = PBXFileReference; lastKnownFileType = sourcecode.swift; path = GameViewController.swift; sourceTree = "<group>"; };
		246088BC25723113009E18F2 /* Base */ = {isa = PBXFileReference; lastKnownFileType = file.storyboard; name = Base; path = Base.lproj/Main.storyboard; sourceTree = "<group>"; };
		246088BE25723114009E18F2 /* Assets.xcassets */ = {isa = PBXFileReference; lastKnownFileType = folder.assetcatalog; path = Assets.xcassets; sourceTree = "<group>"; };
		246088C025723114009E18F2 /* Info.plist */ = {isa = PBXFileReference; lastKnownFileType = text.plist.xml; path = Info.plist; sourceTree = "<group>"; };
		246088C525723114009E18F2 /* Super Indie RunnerTests.xctest */ = {isa = PBXFileReference; explicitFileType = wrapper.cfbundle; includeInIndex = 0; path = "Super Indie RunnerTests.xctest"; sourceTree = BUILT_PRODUCTS_DIR; };
		246088C925723114009E18F2 /* Super_Indie_RunnerTests.swift */ = {isa = PBXFileReference; lastKnownFileType = sourcecode.swift; path = Super_Indie_RunnerTests.swift; sourceTree = "<group>"; };
		246088CB25723114009E18F2 /* Info.plist */ = {isa = PBXFileReference; lastKnownFileType = text.plist.xml; path = Info.plist; sourceTree = "<group>"; };
		246088D025723115009E18F2 /* Super Indie RunnerUITests.xctest */ = {isa = PBXFileReference; explicitFileType = wrapper.cfbundle; includeInIndex = 0; path = "Super Indie RunnerUITests.xctest"; sourceTree = BUILT_PRODUCTS_DIR; };
		246088D425723115009E18F2 /* Super_Indie_RunnerUITests.swift */ = {isa = PBXFileReference; lastKnownFileType = sourcecode.swift; path = Super_Indie_RunnerUITests.swift; sourceTree = "<group>"; };
		246088D625723115009E18F2 /* Info.plist */ = {isa = PBXFileReference; lastKnownFileType = text.plist.xml; path = Info.plist; sourceTree = "<group>"; };
		24AEE6A52573044E006B991F /* BrakeEmitter.sks */ = {isa = PBXFileReference; lastKnownFileType = file.sks; path = BrakeEmitter.sks; sourceTree = "<group>"; };
		24AEE6B225738FC2006B991F /* MyActions.sks */ = {isa = PBXFileReference; lastKnownFileType = file.sks; path = MyActions.sks; sourceTree = "<group>"; };
		24C57E102572F79800A5F3F6 /* ParticleHelper.swift */ = {isa = PBXFileReference; lastKnownFileType = sourcecode.swift; path = ParticleHelper.swift; sourceTree = "<group>"; };
		24C57E162572FA7900A5F3F6 /* CoinDustEmitter.sks */ = {isa = PBXFileReference; lastKnownFileType = file.sks; path = CoinDustEmitter.sks; sourceTree = "<group>"; };
		24CCC271257277BC001A0415 /* AnimationHelper.swift */ = {isa = PBXFileReference; lastKnownFileType = sourcecode.swift; path = AnimationHelper.swift; sourceTree = "<group>"; };
/* End PBXFileReference section */

/* Begin PBXFrameworksBuildPhase section */
		246088AB25723113009E18F2 /* Frameworks */ = {
			isa = PBXFrameworksBuildPhase;
			buildActionMask = 2147483647;
			files = (
			);
			runOnlyForDeploymentPostprocessing = 0;
		};
		246088C225723114009E18F2 /* Frameworks */ = {
			isa = PBXFrameworksBuildPhase;
			buildActionMask = 2147483647;
			files = (
			);
			runOnlyForDeploymentPostprocessing = 0;
		};
		246088CD25723115009E18F2 /* Frameworks */ = {
			isa = PBXFrameworksBuildPhase;
			buildActionMask = 2147483647;
			files = (
			);
			runOnlyForDeploymentPostprocessing = 0;
		};
/* End PBXFrameworksBuildPhase section */

/* Begin PBXGroup section */
		2443400A257237910041DF95 /* Scene Editor Files */ = {
			isa = PBXGroup;
			children = (
				24AEE6B225738FC2006B991F /* MyActions.sks */,
				2443400B257237A00041DF95 /* Levels */,
			);
			path = "Scene Editor Files";
			sourceTree = "<group>";
		};
		2443400B257237A00041DF95 /* Levels */ = {
			isa = PBXGroup;
			children = (
				2443400C257237F10041DF95 /* Level_0-1.sks */,
			);
			path = Levels;
			sourceTree = "<group>";
		};
		244340112572386C0041DF95 /* Tiles */ = {
			isa = PBXGroup;
			children = (
				24434012257238900041DF95 /* TileSets.sks */,
			);
			path = Tiles;
			sourceTree = "<group>";
		};
		2443401725723A9C0041DF95 /* Extensions */ = {
			isa = PBXGroup;
			children = (
				2443401825723AB10041DF95 /* SKNode+Extensions.swift */,
			);
			path = Extensions;
			sourceTree = "<group>";
		};
		2443401D25724CC10041DF95 /* Layers */ = {
			isa = PBXGroup;
			children = (
				2443401E25724CD10041DF95 /* Layer.swift */,
				244A80AB2572541400C943BE /* RepeatingLayer.swift */,
			);
			path = Layers;
			sourceTree = "<group>";
		};
		244A80B5257258C900C943BE /* Custom Classes */ = {
			isa = PBXGroup;
			children = (
				244A80B6257258EE00C943BE /* Player.swift */,
				244A80C42572650C00C943BE /* GroundNode.swift */,
			);
			path = "Custom Classes";
			sourceTree = "<group>";
		};
		244A80BB25725F2000C943BE /* Helper Files */ = {
			isa = PBXGroup;
			children = (
				244A80BC25725F3100C943BE /* PhysicsHelper.swift */,
				24CCC271257277BC001A0415 /* AnimationHelper.swift */,
				244A80CC2572C53800C943BE /* ObjectHelper.swift */,
				24C57E102572F79800A5F3F6 /* ParticleHelper.swift */,
			);
			path = "Helper Files";
			sourceTree = "<group>";
		};
		246088A525723113009E18F2 = {
			isa = PBXGroup;
			children = (
				244A80A62572513C00C943BE /* readme.md */,
				246088B025723113009E18F2 /* Super Indie Runner */,
				246088C825723114009E18F2 /* Super Indie RunnerTests */,
				246088D325723115009E18F2 /* Super Indie RunnerUITests */,
				246088AF25723113009E18F2 /* Products */,
			);
			sourceTree = "<group>";
		};
		246088AF25723113009E18F2 /* Products */ = {
			isa = PBXGroup;
			children = (
				246088AE25723113009E18F2 /* Super Indie Runner.app */,
				246088C525723114009E18F2 /* Super Indie RunnerTests.xctest */,
				246088D025723115009E18F2 /* Super Indie RunnerUITests.xctest */,
			);
			name = Products;
			sourceTree = "<group>";
		};
		246088B025723113009E18F2 /* Super Indie Runner */ = {
			isa = PBXGroup;
			children = (
				24C57E152572FA3F00A5F3F6 /* Particle Emitters */,
				244A80BB25725F2000C943BE /* Helper Files */,
				244A80B5257258C900C943BE /* Custom Classes */,
				2443401D25724CC10041DF95 /* Layers */,
				2443401725723A9C0041DF95 /* Extensions */,
				244340112572386C0041DF95 /* Tiles */,
				2443400A257237910041DF95 /* Scene Editor Files */,
				246088FC25723374009E18F2 /* Template */,
				246088BE25723114009E18F2 /* Assets.xcassets */,
				246088F12572326E009E18F2 /* Scenes */,
				246088F025723266009E18F2 /* Controller */,
				246088EF25723229009E18F2 /* UI */,
			);
			path = "Super Indie Runner";
			sourceTree = "<group>";
		};
		246088C825723114009E18F2 /* Super Indie RunnerTests */ = {
			isa = PBXGroup;
			children = (
				246088C925723114009E18F2 /* Super_Indie_RunnerTests.swift */,
				246088CB25723114009E18F2 /* Info.plist */,
			);
			path = "Super Indie RunnerTests";
			sourceTree = "<group>";
		};
		246088D325723115009E18F2 /* Super Indie RunnerUITests */ = {
			isa = PBXGroup;
			children = (
				246088D425723115009E18F2 /* Super_Indie_RunnerUITests.swift */,
				246088D625723115009E18F2 /* Info.plist */,
			);
			path = "Super Indie RunnerUITests";
			sourceTree = "<group>";
		};
		246088EF25723229009E18F2 /* UI */ = {
			isa = PBXGroup;
			children = (
				246088BB25723113009E18F2 /* Main.storyboard */,
			);
			path = UI;
			sourceTree = "<group>";
		};
		246088F025723266009E18F2 /* Controller */ = {
			isa = PBXGroup;
			children = (
				246088B925723113009E18F2 /* GameViewController.swift */,
			);
			path = Controller;
			sourceTree = "<group>";
		};
		246088F12572326E009E18F2 /* Scenes */ = {
			isa = PBXGroup;
			children = (
				246088B725723113009E18F2 /* GameScene.swift */,
			);
			path = Scenes;
			sourceTree = "<group>";
		};
		246088FC25723374009E18F2 /* Template */ = {
			isa = PBXGroup;
			children = (
				246088B125723113009E18F2 /* AppDelegate.swift */,
				246088C025723114009E18F2 /* Info.plist */,
				244A80B02572571B00C943BE /* GameConstants.swift */,
			);
			name = Template;
			sourceTree = "<group>";
		};
		24C57E152572FA3F00A5F3F6 /* Particle Emitters */ = {
			isa = PBXGroup;
			children = (
				24C57E162572FA7900A5F3F6 /* CoinDustEmitter.sks */,
				24AEE6A52573044E006B991F /* BrakeEmitter.sks */,
			);
			path = "Particle Emitters";
			sourceTree = "<group>";
		};
/* End PBXGroup section */

/* Begin PBXNativeTarget section */
		246088AD25723113009E18F2 /* Super Indie Runner */ = {
			isa = PBXNativeTarget;
			buildConfigurationList = 246088D925723115009E18F2 /* Build configuration list for PBXNativeTarget "Super Indie Runner" */;
			buildPhases = (
				246088AA25723113009E18F2 /* Sources */,
				246088AB25723113009E18F2 /* Frameworks */,
				246088AC25723113009E18F2 /* Resources */,
			);
			buildRules = (
			);
			dependencies = (
			);
			name = "Super Indie Runner";
			productName = "Super Indie Runner";
			productReference = 246088AE25723113009E18F2 /* Super Indie Runner.app */;
			productType = "com.apple.product-type.application";
		};
		246088C425723114009E18F2 /* Super Indie RunnerTests */ = {
			isa = PBXNativeTarget;
			buildConfigurationList = 246088DC25723115009E18F2 /* Build configuration list for PBXNativeTarget "Super Indie RunnerTests" */;
			buildPhases = (
				246088C125723114009E18F2 /* Sources */,
				246088C225723114009E18F2 /* Frameworks */,
				246088C325723114009E18F2 /* Resources */,
			);
			buildRules = (
			);
			dependencies = (
				246088C725723114009E18F2 /* PBXTargetDependency */,
			);
			name = "Super Indie RunnerTests";
			productName = "Super Indie RunnerTests";
			productReference = 246088C525723114009E18F2 /* Super Indie RunnerTests.xctest */;
			productType = "com.apple.product-type.bundle.unit-test";
		};
		246088CF25723115009E18F2 /* Super Indie RunnerUITests */ = {
			isa = PBXNativeTarget;
			buildConfigurationList = 246088DF25723115009E18F2 /* Build configuration list for PBXNativeTarget "Super Indie RunnerUITests" */;
			buildPhases = (
				246088CC25723115009E18F2 /* Sources */,
				246088CD25723115009E18F2 /* Frameworks */,
				246088CE25723115009E18F2 /* Resources */,
			);
			buildRules = (
			);
			dependencies = (
				246088D225723115009E18F2 /* PBXTargetDependency */,
			);
			name = "Super Indie RunnerUITests";
			productName = "Super Indie RunnerUITests";
			productReference = 246088D025723115009E18F2 /* Super Indie RunnerUITests.xctest */;
			productType = "com.apple.product-type.bundle.ui-testing";
		};
/* End PBXNativeTarget section */

/* Begin PBXProject section */
		246088A625723113009E18F2 /* Project object */ = {
			isa = PBXProject;
			attributes = {
				LastSwiftUpdateCheck = 1220;
				LastUpgradeCheck = 1220;
				TargetAttributes = {
					246088AD25723113009E18F2 = {
						CreatedOnToolsVersion = 12.2;
					};
					246088C425723114009E18F2 = {
						CreatedOnToolsVersion = 12.2;
						TestTargetID = 246088AD25723113009E18F2;
					};
					246088CF25723115009E18F2 = {
						CreatedOnToolsVersion = 12.2;
						TestTargetID = 246088AD25723113009E18F2;
					};
				};
			};
			buildConfigurationList = 246088A925723113009E18F2 /* Build configuration list for PBXProject "Super Indie Runner" */;
			compatibilityVersion = "Xcode 9.3";
			developmentRegion = en;
			hasScannedForEncodings = 0;
			knownRegions = (
				en,
				Base,
			);
			mainGroup = 246088A525723113009E18F2;
			productRefGroup = 246088AF25723113009E18F2 /* Products */;
			projectDirPath = "";
			projectRoot = "";
			targets = (
				246088AD25723113009E18F2 /* Super Indie Runner */,
				246088C425723114009E18F2 /* Super Indie RunnerTests */,
				246088CF25723115009E18F2 /* Super Indie RunnerUITests */,
			);
		};
/* End PBXProject section */

/* Begin PBXResourcesBuildPhase section */
		246088AC25723113009E18F2 /* Resources */ = {
			isa = PBXResourcesBuildPhase;
			buildActionMask = 2147483647;
			files = (
				24434013257238900041DF95 /* TileSets.sks in Resources */,
				246088BD25723113009E18F2 /* Main.storyboard in Resources */,
				246088BF25723114009E18F2 /* Assets.xcassets in Resources */,
				24AEE6B325738FC2006B991F /* MyActions.sks in Resources */,
				244A80A72572513C00C943BE /* readme.md in Resources */,
				2443400D257237F10041DF95 /* Level_0-1.sks in Resources */,
				24AEE6A72573044E006B991F /* BrakeEmitter.sks in Resources */,
				24C57E182572FA7900A5F3F6 /* CoinDustEmitter.sks in Resources */,
			);
			runOnlyForDeploymentPostprocessing = 0;
		};
		246088C325723114009E18F2 /* Resources */ = {
			isa = PBXResourcesBuildPhase;
			buildActionMask = 2147483647;
			files = (
			);
			runOnlyForDeploymentPostprocessing = 0;
		};
		246088CE25723115009E18F2 /* Resources */ = {
			isa = PBXResourcesBuildPhase;
			buildActionMask = 2147483647;
			files = (
			);
			runOnlyForDeploymentPostprocessing = 0;
		};
/* End PBXResourcesBuildPhase section */

/* Begin PBXSourcesBuildPhase section */
		246088AA25723113009E18F2 /* Sources */ = {
			isa = PBXSourcesBuildPhase;
			buildActionMask = 2147483647;
			files = (
				246088B825723113009E18F2 /* GameScene.swift in Sources */,
				2443401925723AB10041DF95 /* SKNode+Extensions.swift in Sources */,
				2443401F25724CD10041DF95 /* Layer.swift in Sources */,
				246088BA25723113009E18F2 /* GameViewController.swift in Sources */,
				244A80CD2572C53800C943BE /* ObjectHelper.swift in Sources */,
				244A80B7257258EE00C943BE /* Player.swift in Sources */,
				244A80B12572571B00C943BE /* GameConstants.swift in Sources */,
				24C57E112572F79800A5F3F6 /* ParticleHelper.swift in Sources */,
				24CCC272257277BC001A0415 /* AnimationHelper.swift in Sources */,
				246088B225723113009E18F2 /* AppDelegate.swift in Sources */,
				244A80AC2572541400C943BE /* RepeatingLayer.swift in Sources */,
				244A80C52572650C00C943BE /* GroundNode.swift in Sources */,
				244A80BD25725F3100C943BE /* PhysicsHelper.swift in Sources */,
			);
			runOnlyForDeploymentPostprocessing = 0;
		};
		246088C125723114009E18F2 /* Sources */ = {
			isa = PBXSourcesBuildPhase;
			buildActionMask = 2147483647;
			files = (
				246088CA25723114009E18F2 /* Super_Indie_RunnerTests.swift in Sources */,
			);
			runOnlyForDeploymentPostprocessing = 0;
		};
		246088CC25723115009E18F2 /* Sources */ = {
			isa = PBXSourcesBuildPhase;
			buildActionMask = 2147483647;
			files = (
				246088D525723115009E18F2 /* Super_Indie_RunnerUITests.swift in Sources */,
			);
			runOnlyForDeploymentPostprocessing = 0;
		};
/* End PBXSourcesBuildPhase section */

/* Begin PBXTargetDependency section */
		246088C725723114009E18F2 /* PBXTargetDependency */ = {
			isa = PBXTargetDependency;
			target = 246088AD25723113009E18F2 /* Super Indie Runner */;
			targetProxy = 246088C625723114009E18F2 /* PBXContainerItemProxy */;
		};
		246088D225723115009E18F2 /* PBXTargetDependency */ = {
			isa = PBXTargetDependency;
			target = 246088AD25723113009E18F2 /* Super Indie Runner */;
			targetProxy = 246088D125723115009E18F2 /* PBXContainerItemProxy */;
		};
/* End PBXTargetDependency section */

/* Begin PBXVariantGroup section */
		246088BB25723113009E18F2 /* Main.storyboard */ = {
			isa = PBXVariantGroup;
			children = (
				246088BC25723113009E18F2 /* Base */,
			);
			name = Main.storyboard;
			sourceTree = "<group>";
		};
/* End PBXVariantGroup section */

/* Begin XCBuildConfiguration section */
		246088D725723115009E18F2 /* Debug */ = {
			isa = XCBuildConfiguration;
			buildSettings = {
				ALWAYS_SEARCH_USER_PATHS = NO;
				CLANG_ANALYZER_NONNULL = YES;
				CLANG_ANALYZER_NUMBER_OBJECT_CONVERSION = YES_AGGRESSIVE;
				CLANG_CXX_LANGUAGE_STANDARD = "gnu++14";
				CLANG_CXX_LIBRARY = "libc++";
				CLANG_ENABLE_MODULES = YES;
				CLANG_ENABLE_OBJC_ARC = YES;
				CLANG_ENABLE_OBJC_WEAK = YES;
				CLANG_WARN_BLOCK_CAPTURE_AUTORELEASING = YES;
				CLANG_WARN_BOOL_CONVERSION = YES;
				CLANG_WARN_COMMA = YES;
				CLANG_WARN_CONSTANT_CONVERSION = YES;
				CLANG_WARN_DEPRECATED_OBJC_IMPLEMENTATIONS = YES;
				CLANG_WARN_DIRECT_OBJC_ISA_USAGE = YES_ERROR;
				CLANG_WARN_DOCUMENTATION_COMMENTS = YES;
				CLANG_WARN_EMPTY_BODY = YES;
				CLANG_WARN_ENUM_CONVERSION = YES;
				CLANG_WARN_INFINITE_RECURSION = YES;
				CLANG_WARN_INT_CONVERSION = YES;
				CLANG_WARN_NON_LITERAL_NULL_CONVERSION = YES;
				CLANG_WARN_OBJC_IMPLICIT_RETAIN_SELF = YES;
				CLANG_WARN_OBJC_LITERAL_CONVERSION = YES;
				CLANG_WARN_OBJC_ROOT_CLASS = YES_ERROR;
				CLANG_WARN_QUOTED_INCLUDE_IN_FRAMEWORK_HEADER = YES;
				CLANG_WARN_RANGE_LOOP_ANALYSIS = YES;
				CLANG_WARN_STRICT_PROTOTYPES = YES;
				CLANG_WARN_SUSPICIOUS_MOVE = YES;
				CLANG_WARN_UNGUARDED_AVAILABILITY = YES_AGGRESSIVE;
				CLANG_WARN_UNREACHABLE_CODE = YES;
				CLANG_WARN__DUPLICATE_METHOD_MATCH = YES;
				COPY_PHASE_STRIP = NO;
				DEBUG_INFORMATION_FORMAT = dwarf;
				ENABLE_STRICT_OBJC_MSGSEND = YES;
				ENABLE_TESTABILITY = YES;
				GCC_C_LANGUAGE_STANDARD = gnu11;
				GCC_DYNAMIC_NO_PIC = NO;
				GCC_NO_COMMON_BLOCKS = YES;
				GCC_OPTIMIZATION_LEVEL = 0;
				GCC_PREPROCESSOR_DEFINITIONS = (
					"DEBUG=1",
					"$(inherited)",
				);
				GCC_WARN_64_TO_32_BIT_CONVERSION = YES;
				GCC_WARN_ABOUT_RETURN_TYPE = YES_ERROR;
				GCC_WARN_UNDECLARED_SELECTOR = YES;
				GCC_WARN_UNINITIALIZED_AUTOS = YES_AGGRESSIVE;
				GCC_WARN_UNUSED_FUNCTION = YES;
				GCC_WARN_UNUSED_VARIABLE = YES;
				IPHONEOS_DEPLOYMENT_TARGET = 14.2;
				MTL_ENABLE_DEBUG_INFO = INCLUDE_SOURCE;
				MTL_FAST_MATH = YES;
				ONLY_ACTIVE_ARCH = YES;
				SDKROOT = iphoneos;
				SWIFT_ACTIVE_COMPILATION_CONDITIONS = DEBUG;
				SWIFT_OPTIMIZATION_LEVEL = "-Onone";
			};
			name = Debug;
		};
		246088D825723115009E18F2 /* Release */ = {
			isa = XCBuildConfiguration;
			buildSettings = {
				ALWAYS_SEARCH_USER_PATHS = NO;
				CLANG_ANALYZER_NONNULL = YES;
				CLANG_ANALYZER_NUMBER_OBJECT_CONVERSION = YES_AGGRESSIVE;
				CLANG_CXX_LANGUAGE_STANDARD = "gnu++14";
				CLANG_CXX_LIBRARY = "libc++";
				CLANG_ENABLE_MODULES = YES;
				CLANG_ENABLE_OBJC_ARC = YES;
				CLANG_ENABLE_OBJC_WEAK = YES;
				CLANG_WARN_BLOCK_CAPTURE_AUTORELEASING = YES;
				CLANG_WARN_BOOL_CONVERSION = YES;
				CLANG_WARN_COMMA = YES;
				CLANG_WARN_CONSTANT_CONVERSION = YES;
				CLANG_WARN_DEPRECATED_OBJC_IMPLEMENTATIONS = YES;
				CLANG_WARN_DIRECT_OBJC_ISA_USAGE = YES_ERROR;
				CLANG_WARN_DOCUMENTATION_COMMENTS = YES;
				CLANG_WARN_EMPTY_BODY = YES;
				CLANG_WARN_ENUM_CONVERSION = YES;
				CLANG_WARN_INFINITE_RECURSION = YES;
				CLANG_WARN_INT_CONVERSION = YES;
				CLANG_WARN_NON_LITERAL_NULL_CONVERSION = YES;
				CLANG_WARN_OBJC_IMPLICIT_RETAIN_SELF = YES;
				CLANG_WARN_OBJC_LITERAL_CONVERSION = YES;
				CLANG_WARN_OBJC_ROOT_CLASS = YES_ERROR;
				CLANG_WARN_QUOTED_INCLUDE_IN_FRAMEWORK_HEADER = YES;
				CLANG_WARN_RANGE_LOOP_ANALYSIS = YES;
				CLANG_WARN_STRICT_PROTOTYPES = YES;
				CLANG_WARN_SUSPICIOUS_MOVE = YES;
				CLANG_WARN_UNGUARDED_AVAILABILITY = YES_AGGRESSIVE;
				CLANG_WARN_UNREACHABLE_CODE = YES;
				CLANG_WARN__DUPLICATE_METHOD_MATCH = YES;
				COPY_PHASE_STRIP = NO;
				DEBUG_INFORMATION_FORMAT = "dwarf-with-dsym";
				ENABLE_NS_ASSERTIONS = NO;
				ENABLE_STRICT_OBJC_MSGSEND = YES;
				GCC_C_LANGUAGE_STANDARD = gnu11;
				GCC_NO_COMMON_BLOCKS = YES;
				GCC_WARN_64_TO_32_BIT_CONVERSION = YES;
				GCC_WARN_ABOUT_RETURN_TYPE = YES_ERROR;
				GCC_WARN_UNDECLARED_SELECTOR = YES;
				GCC_WARN_UNINITIALIZED_AUTOS = YES_AGGRESSIVE;
				GCC_WARN_UNUSED_FUNCTION = YES;
				GCC_WARN_UNUSED_VARIABLE = YES;
				IPHONEOS_DEPLOYMENT_TARGET = 14.2;
				MTL_ENABLE_DEBUG_INFO = NO;
				MTL_FAST_MATH = YES;
				SDKROOT = iphoneos;
				SWIFT_COMPILATION_MODE = wholemodule;
				SWIFT_OPTIMIZATION_LEVEL = "-O";
				VALIDATE_PRODUCT = YES;
			};
			name = Release;
		};
		246088DA25723115009E18F2 /* Debug */ = {
			isa = XCBuildConfiguration;
			buildSettings = {
				ASSETCATALOG_COMPILER_APPICON_NAME = AppIcon;
				ASSETCATALOG_COMPILER_GLOBAL_ACCENT_COLOR_NAME = AccentColor;
				CODE_SIGN_STYLE = Automatic;
				DEVELOPMENT_TEAM = 6T98LR668F;
				INFOPLIST_FILE = "Super Indie Runner/Info.plist";
				LD_RUNPATH_SEARCH_PATHS = (
					"$(inherited)",
					"@executable_path/Frameworks",
				);
				PRODUCT_BUNDLE_IDENTIFIER = "com.eloware.Super-Indie-Runner";
				PRODUCT_NAME = "$(TARGET_NAME)";
				SWIFT_VERSION = 5.0;
				TARGETED_DEVICE_FAMILY = "1,2";
			};
			name = Debug;
		};
		246088DB25723115009E18F2 /* Release */ = {
			isa = XCBuildConfiguration;
			buildSettings = {
				ASSETCATALOG_COMPILER_APPICON_NAME = AppIcon;
				ASSETCATALOG_COMPILER_GLOBAL_ACCENT_COLOR_NAME = AccentColor;
				CODE_SIGN_STYLE = Automatic;
				DEVELOPMENT_TEAM = 6T98LR668F;
				INFOPLIST_FILE = "Super Indie Runner/Info.plist";
				LD_RUNPATH_SEARCH_PATHS = (
					"$(inherited)",
					"@executable_path/Frameworks",
				);
				PRODUCT_BUNDLE_IDENTIFIER = "com.eloware.Super-Indie-Runner";
				PRODUCT_NAME = "$(TARGET_NAME)";
				SWIFT_VERSION = 5.0;
				TARGETED_DEVICE_FAMILY = "1,2";
			};
			name = Release;
		};
		246088DD25723115009E18F2 /* Debug */ = {
			isa = XCBuildConfiguration;
			buildSettings = {
				ALWAYS_EMBED_SWIFT_STANDARD_LIBRARIES = YES;
				BUNDLE_LOADER = "$(TEST_HOST)";
				CODE_SIGN_STYLE = Automatic;
				DEVELOPMENT_TEAM = 6T98LR668F;
				INFOPLIST_FILE = "Super Indie RunnerTests/Info.plist";
				IPHONEOS_DEPLOYMENT_TARGET = 14.2;
				LD_RUNPATH_SEARCH_PATHS = (
					"$(inherited)",
					"@executable_path/Frameworks",
					"@loader_path/Frameworks",
				);
				PRODUCT_BUNDLE_IDENTIFIER = "com.eloware.Super-Indie-RunnerTests";
				PRODUCT_NAME = "$(TARGET_NAME)";
				SWIFT_VERSION = 5.0;
				TARGETED_DEVICE_FAMILY = "1,2";
				TEST_HOST = "$(BUILT_PRODUCTS_DIR)/Super Indie Runner.app/Super Indie Runner";
			};
			name = Debug;
		};
		246088DE25723115009E18F2 /* Release */ = {
			isa = XCBuildConfiguration;
			buildSettings = {
				ALWAYS_EMBED_SWIFT_STANDARD_LIBRARIES = YES;
				BUNDLE_LOADER = "$(TEST_HOST)";
				CODE_SIGN_STYLE = Automatic;
				DEVELOPMENT_TEAM = 6T98LR668F;
				INFOPLIST_FILE = "Super Indie RunnerTests/Info.plist";
				IPHONEOS_DEPLOYMENT_TARGET = 14.2;
				LD_RUNPATH_SEARCH_PATHS = (
					"$(inherited)",
					"@executable_path/Frameworks",
					"@loader_path/Frameworks",
				);
				PRODUCT_BUNDLE_IDENTIFIER = "com.eloware.Super-Indie-RunnerTests";
				PRODUCT_NAME = "$(TARGET_NAME)";
				SWIFT_VERSION = 5.0;
				TARGETED_DEVICE_FAMILY = "1,2";
				TEST_HOST = "$(BUILT_PRODUCTS_DIR)/Super Indie Runner.app/Super Indie Runner";
			};
			name = Release;
		};
		246088E025723115009E18F2 /* Debug */ = {
			isa = XCBuildConfiguration;
			buildSettings = {
				ALWAYS_EMBED_SWIFT_STANDARD_LIBRARIES = YES;
				CODE_SIGN_STYLE = Automatic;
				DEVELOPMENT_TEAM = 6T98LR668F;
				INFOPLIST_FILE = "Super Indie RunnerUITests/Info.plist";
				LD_RUNPATH_SEARCH_PATHS = (
					"$(inherited)",
					"@executable_path/Frameworks",
					"@loader_path/Frameworks",
				);
				PRODUCT_BUNDLE_IDENTIFIER = "com.eloware.Super-Indie-RunnerUITests";
				PRODUCT_NAME = "$(TARGET_NAME)";
				SWIFT_VERSION = 5.0;
				TARGETED_DEVICE_FAMILY = "1,2";
				TEST_TARGET_NAME = "Super Indie Runner";
			};
			name = Debug;
		};
		246088E125723115009E18F2 /* Release */ = {
			isa = XCBuildConfiguration;
			buildSettings = {
				ALWAYS_EMBED_SWIFT_STANDARD_LIBRARIES = YES;
				CODE_SIGN_STYLE = Automatic;
				DEVELOPMENT_TEAM = 6T98LR668F;
				INFOPLIST_FILE = "Super Indie RunnerUITests/Info.plist";
				LD_RUNPATH_SEARCH_PATHS = (
					"$(inherited)",
					"@executable_path/Frameworks",
					"@loader_path/Frameworks",
				);
				PRODUCT_BUNDLE_IDENTIFIER = "com.eloware.Super-Indie-RunnerUITests";
				PRODUCT_NAME = "$(TARGET_NAME)";
				SWIFT_VERSION = 5.0;
				TARGETED_DEVICE_FAMILY = "1,2";
				TEST_TARGET_NAME = "Super Indie Runner";
			};
			name = Release;
		};
/* End XCBuildConfiguration section */

/* Begin XCConfigurationList section */
		246088A925723113009E18F2 /* Build configuration list for PBXProject "Super Indie Runner" */ = {
			isa = XCConfigurationList;
			buildConfigurations = (
				246088D725723115009E18F2 /* Debug */,
				246088D825723115009E18F2 /* Release */,
			);
			defaultConfigurationIsVisible = 0;
			defaultConfigurationName = Release;
		};
		246088D925723115009E18F2 /* Build configuration list for PBXNativeTarget "Super Indie Runner" */ = {
			isa = XCConfigurationList;
			buildConfigurations = (
				246088DA25723115009E18F2 /* Debug */,
				246088DB25723115009E18F2 /* Release */,
			);
			defaultConfigurationIsVisible = 0;
			defaultConfigurationName = Release;
		};
		246088DC25723115009E18F2 /* Build configuration list for PBXNativeTarget "Super Indie RunnerTests" */ = {
			isa = XCConfigurationList;
			buildConfigurations = (
				246088DD25723115009E18F2 /* Debug */,
				246088DE25723115009E18F2 /* Release */,
			);
			defaultConfigurationIsVisible = 0;
			defaultConfigurationName = Release;
		};
		246088DF25723115009E18F2 /* Build configuration list for PBXNativeTarget "Super Indie RunnerUITests" */ = {
			isa = XCConfigurationList;
			buildConfigurations = (
				246088E025723115009E18F2 /* Debug */,
				246088E125723115009E18F2 /* Release */,
			);
			defaultConfigurationIsVisible = 0;
			defaultConfigurationName = Release;
		};
/* End XCConfigurationList section */
	};
	rootObject = 246088A625723113009E18F2 /* Project object */;
}
